
Microsoft Visual Studio Solution File, Format Version 12.00
# Visual Studio Version 16
VisualStudioVersion = 16.0.30804.86
MinimumVisualStudioVersion = 10.0.40219.1
Project("{FAE04EC0-301F-11D3-BF4B-00C04F79EFBC}") = "AdminCon_CLI_dotnetEdition", "AdminCon_CLI_dotnetEdition.csproj", "{46A91338-BB36-4656-B7F2-80625EC6570D}"
	ProjectSection(ProjectDependencies) = postProject
		{D2F79444-4F79-44B1-9167-FDA61662A0E7} = {D2F79444-4F79-44B1-9167-FDA61662A0E7}
		{26B4804F-BFDD-43BF-94E8-FCBEC4BBD457} = {26B4804F-BFDD-43BF-94E8-FCBEC4BBD457}
		{13227153-167F-4BCB-B49A-BE6CA6F49819} = {13227153-167F-4BCB-B49A-BE6CA6F49819}
		{88ADEA58-6F14-4CBF-9CA9-BA94877E5C0E} = {88ADEA58-6F14-4CBF-9CA9-BA94877E5C0E}
		{1530137F-9A36-46A2-BC91-2247913F5337} = {1530137F-9A36-46A2-BC91-2247913F5337}
		{EE5D3EAC-5703-47A1-9AFC-38F5FD4AD1D3} = {EE5D3EAC-5703-47A1-9AFC-38F5FD4AD1D3}
	EndProjectSection
EndProject
Project("{2150E333-8FDC-42A3-9474-1A3956D46DE8}") = "Solution Items", "Solution Items", "{43D2F2D1-8B79-4366-ABB9-F00C3BA385B9}"
	ProjectSection(SolutionItems) = preProject
		Properties\App.config = Properties\App.config
	EndProjectSection
EndProject
Project("{FAE04EC0-301F-11D3-BF4B-00C04F79EFBC}") = "AdminCon_WatchDog", "Modules\ACWatchDog\AdminCon_WatchDog.csproj", "{88ADEA58-6F14-4CBF-9CA9-BA94877E5C0E}"
EndProject
Project("{8BC9CEB8-8B4A-11D0-8D11-00A0C91BC942}") = "AdminCon_Win32", "Modules\ACWin32\SubProject-ACWin32.vcxproj", "{26B4804F-BFDD-43BF-94E8-FCBEC4BBD457}"
EndProject
Project("{FAE04EC0-301F-11D3-BF4B-00C04F79EFBC}") = "DiskSpeedChecker", "Modules\DiskSpeedChecker\DiskSpeedChecker.csproj", "{EE5D3EAC-5703-47A1-9AFC-38F5FD4AD1D3}"
EndProject
Project("{FAE04EC0-301F-11D3-BF4B-00C04F79EFBC}") = "HexViewer", "Modules\HexViewer\HexViewer.csproj", "{13227153-167F-4BCB-B49A-BE6CA6F49819}"
EndProject
Project("{FAE04EC0-301F-11D3-BF4B-00C04F79EFBC}") = "WebViewer", "Modules\WebViewer\WebViewer.csproj", "{1530137F-9A36-46A2-BC91-2247913F5337}"
EndProject
Project("{FAE04EC0-301F-11D3-BF4B-00C04F79EFBC}") = "AdminCon_Desktop", "Modules\ACDesktop\AdminCon_Desktop.csproj", "{D2F79444-4F79-44B1-9167-FDA61662A0E7}"
EndProject
Global
	GlobalSection(SolutionConfigurationPlatforms) = preSolution
		Debug|Any CPU = Debug|Any CPU
		Debug|x64 = Debug|x64
		Debug|x86 = Debug|x86
		Release|Any CPU = Release|Any CPU
		Release|x64 = Release|x64
		Release|x86 = Release|x86
	EndGlobalSection
	GlobalSection(ProjectConfigurationPlatforms) = postSolution
		{46A91338-BB36-4656-B7F2-80625EC6570D}.Debug|Any CPU.ActiveCfg = Debug|Any CPU
		{46A91338-BB36-4656-B7F2-80625EC6570D}.Debug|Any CPU.Build.0 = Debug|Any CPU
		{46A91338-BB36-4656-B7F2-80625EC6570D}.Debug|x64.ActiveCfg = Debug|x64
		{46A91338-BB36-4656-B7F2-80625EC6570D}.Debug|x64.Build.0 = Debug|x64
		{46A91338-BB36-4656-B7F2-80625EC6570D}.Debug|x86.ActiveCfg = Debug|Any CPU
		{46A91338-BB36-4656-B7F2-80625EC6570D}.Debug|x86.Build.0 = Debug|Any CPU
		{46A91338-BB36-4656-B7F2-80625EC6570D}.Release|Any CPU.ActiveCfg = Release|Any CPU
		{46A91338-BB36-4656-B7F2-80625EC6570D}.Release|Any CPU.Build.0 = Release|Any CPU
		{46A91338-BB36-4656-B7F2-80625EC6570D}.Release|x64.ActiveCfg = Release|x64
		{46A91338-BB36-4656-B7F2-80625EC6570D}.Release|x64.Build.0 = Release|x64
		{46A91338-BB36-4656-B7F2-80625EC6570D}.Release|x86.ActiveCfg = Release|Any CPU
		{46A91338-BB36-4656-B7F2-80625EC6570D}.Release|x86.Build.0 = Release|Any CPU
		{88ADEA58-6F14-4CBF-9CA9-BA94877E5C0E}.Debug|Any CPU.ActiveCfg = Debug|Any CPU
		{88ADEA58-6F14-4CBF-9CA9-BA94877E5C0E}.Debug|Any CPU.Build.0 = Debug|Any CPU
		{88ADEA58-6F14-4CBF-9CA9-BA94877E5C0E}.Debug|x64.ActiveCfg = Debug|x64
		{88ADEA58-6F14-4CBF-9CA9-BA94877E5C0E}.Debug|x64.Build.0 = Debug|x64
		{88ADEA58-6F14-4CBF-9CA9-BA94877E5C0E}.Debug|x86.ActiveCfg = Debug|Any CPU
		{88ADEA58-6F14-4CBF-9CA9-BA94877E5C0E}.Debug|x86.Build.0 = Debug|Any CPU
		{88ADEA58-6F14-4CBF-9CA9-BA94877E5C0E}.Release|Any CPU.ActiveCfg = Release|Any CPU
		{88ADEA58-6F14-4CBF-9CA9-BA94877E5C0E}.Release|Any CPU.Build.0 = Release|Any CPU
		{88ADEA58-6F14-4CBF-9CA9-BA94877E5C0E}.Release|x64.ActiveCfg = Release|x64
		{88ADEA58-6F14-4CBF-9CA9-BA94877E5C0E}.Release|x64.Build.0 = Release|x64
		{88ADEA58-6F14-4CBF-9CA9-BA94877E5C0E}.Release|x86.ActiveCfg = Release|Any CPU
		{88ADEA58-6F14-4CBF-9CA9-BA94877E5C0E}.Release|x86.Build.0 = Release|Any CPU
		{26B4804F-BFDD-43BF-94E8-FCBEC4BBD457}.Debug|Any CPU.ActiveCfg = Debug|Win32
		{26B4804F-BFDD-43BF-94E8-FCBEC4BBD457}.Debug|x64.ActiveCfg = Debug|x64
		{26B4804F-BFDD-43BF-94E8-FCBEC4BBD457}.Debug|x64.Build.0 = Debug|x64
		{26B4804F-BFDD-43BF-94E8-FCBEC4BBD457}.Debug|x86.ActiveCfg = Debug|Win32
		{26B4804F-BFDD-43BF-94E8-FCBEC4BBD457}.Debug|x86.Build.0 = Debug|Win32
		{26B4804F-BFDD-43BF-94E8-FCBEC4BBD457}.Release|Any CPU.ActiveCfg = Release|Win32
		{26B4804F-BFDD-43BF-94E8-FCBEC4BBD457}.Release|x64.ActiveCfg = Release|x64
		{26B4804F-BFDD-43BF-94E8-FCBEC4BBD457}.Release|x64.Build.0 = Release|x64
		{26B4804F-BFDD-43BF-94E8-FCBEC4BBD457}.Release|x86.ActiveCfg = Release|Win32
		{26B4804F-BFDD-43BF-94E8-FCBEC4BBD457}.Release|x86.Build.0 = Release|Win32
		{EE5D3EAC-5703-47A1-9AFC-38F5FD4AD1D3}.Debug|Any CPU.ActiveCfg = Debug|Any CPU
		{EE5D3EAC-5703-47A1-9AFC-38F5FD4AD1D3}.Debug|Any CPU.Build.0 = Debug|Any CPU
		{EE5D3EAC-5703-47A1-9AFC-38F5FD4AD1D3}.Debug|x64.ActiveCfg = Debug|Any CPU
		{EE5D3EAC-5703-47A1-9AFC-38F5FD4AD1D3}.Debug|x64.Build.0 = Debug|Any CPU
		{EE5D3EAC-5703-47A1-9AFC-38F5FD4AD1D3}.Debug|x86.ActiveCfg = Debug|Any CPU
		{EE5D3EAC-5703-47A1-9AFC-38F5FD4AD1D3}.Debug|x86.Build.0 = Debug|Any CPU
		{EE5D3EAC-5703-47A1-9AFC-38F5FD4AD1D3}.Release|Any CPU.ActiveCfg = Release|Any CPU
		{EE5D3EAC-5703-47A1-9AFC-38F5FD4AD1D3}.Release|Any CPU.Build.0 = Release|Any CPU
		{EE5D3EAC-5703-47A1-9AFC-38F5FD4AD1D3}.Release|x64.ActiveCfg = Release|Any CPU
		{EE5D3EAC-5703-47A1-9AFC-38F5FD4AD1D3}.Release|x64.Build.0 = Release|Any CPU
		{EE5D3EAC-5703-47A1-9AFC-38F5FD4AD1D3}.Release|x86.ActiveCfg = Release|Any CPU
		{EE5D3EAC-5703-47A1-9AFC-38F5FD4AD1D3}.Release|x86.Build.0 = Release|Any CPU
		{13227153-167F-4BCB-B49A-BE6CA6F49819}.Debug|Any CPU.ActiveCfg = Debug|Any CPU
		{13227153-167F-4BCB-B49A-BE6CA6F49819}.Debug|Any CPU.Build.0 = Debug|Any CPU
		{13227153-167F-4BCB-B49A-BE6CA6F49819}.Debug|x64.ActiveCfg = Debug|Any CPU
		{13227153-167F-4BCB-B49A-BE6CA6F49819}.Debug|x64.Build.0 = Debug|Any CPU
		{13227153-167F-4BCB-B49A-BE6CA6F49819}.Debug|x86.ActiveCfg = Debug|Any CPU
		{13227153-167F-4BCB-B49A-BE6CA6F49819}.Debug|x86.Build.0 = Debug|Any CPU
		{13227153-167F-4BCB-B49A-BE6CA6F49819}.Release|Any CPU.ActiveCfg = Release|Any CPU
		{13227153-167F-4BCB-B49A-BE6CA6F49819}.Release|Any CPU.Build.0 = Release|Any CPU
		{13227153-167F-4BCB-B49A-BE6CA6F49819}.Release|x64.ActiveCfg = Release|Any CPU
		{13227153-167F-4BCB-B49A-BE6CA6F49819}.Release|x64.Build.0 = Release|Any CPU
		{13227153-167F-4BCB-B49A-BE6CA6F49819}.Release|x86.ActiveCfg = Release|Any CPU
		{13227153-167F-4BCB-B49A-BE6CA6F49819}.Release|x86.Build.0 = Release|Any CPU
		{1530137F-9A36-46A2-BC91-2247913F5337}.Debug|Any CPU.ActiveCfg = Debug|Any CPU
		{1530137F-9A36-46A2-BC91-2247913F5337}.Debug|Any CPU.Build.0 = Debug|Any CPU
		{1530137F-9A36-46A2-BC91-2247913F5337}.Debug|x64.ActiveCfg = Debug|Any CPU
		{1530137F-9A36-46A2-BC91-2247913F5337}.Debug|x64.Build.0 = Debug|Any CPU
		{1530137F-9A36-46A2-BC91-2247913F5337}.Debug|x86.ActiveCfg = Debug|Any CPU
		{1530137F-9A36-46A2-BC91-2247913F5337}.Debug|x86.Build.0 = Debug|Any CPU
		{1530137F-9A36-46A2-BC91-2247913F5337}.Release|Any CPU.ActiveCfg = Release|Any CPU
		{1530137F-9A36-46A2-BC91-2247913F5337}.Release|Any CPU.Build.0 = Release|Any CPU
		{1530137F-9A36-46A2-BC91-2247913F5337}.Release|x64.ActiveCfg = Release|Any CPU
		{1530137F-9A36-46A2-BC91-2247913F5337}.Release|x64.Build.0 = Release|Any CPU
		{1530137F-9A36-46A2-BC91-2247913F5337}.Release|x86.ActiveCfg = Release|Any CPU
		{1530137F-9A36-46A2-BC91-2247913F5337}.Release|x86.Build.0 = Release|Any CPU
		{D2F79444-4F79-44B1-9167-FDA61662A0E7}.Debug|Any CPU.ActiveCfg = Debug|Any CPU
		{D2F79444-4F79-44B1-9167-FDA61662A0E7}.Debug|Any CPU.Build.0 = Debug|Any CPU
		{D2F79444-4F79-44B1-9167-FDA61662A0E7}.Debug|x64.ActiveCfg = Debug|Any CPU
		{D2F79444-4F79-44B1-9167-FDA61662A0E7}.Debug|x64.Build.0 = Debug|Any CPU
		{D2F79444-4F79-44B1-9167-FDA61662A0E7}.Debug|x86.ActiveCfg = Debug|Any CPU
		{D2F79444-4F79-44B1-9167-FDA61662A0E7}.Debug|x86.Build.0 = Debug|Any CPU
		{D2F79444-4F79-44B1-9167-FDA61662A0E7}.Release|Any CPU.ActiveCfg = Release|Any CPU
		{D2F79444-4F79-44B1-9167-FDA61662A0E7}.Release|Any CPU.Build.0 = Release|Any CPU
		{D2F79444-4F79-44B1-9167-FDA61662A0E7}.Release|x64.ActiveCfg = Release|Any CPU
		{D2F79444-4F79-44B1-9167-FDA61662A0E7}.Release|x64.Build.0 = Release|Any CPU
		{D2F79444-4F79-44B1-9167-FDA61662A0E7}.Release|x86.ActiveCfg = Release|Any CPU
		{D2F79444-4F79-44B1-9167-FDA61662A0E7}.Release|x86.Build.0 = Release|Any CPU
	EndGlobalSection
	GlobalSection(SolutionProperties) = preSolution
		HideSolutionNode = FALSE
	EndGlobalSection
	GlobalSection(ExtensibilityGlobals) = postSolution
		SolutionGuid = {048E5079-5765-4F9A-A53B-B3185C2DCC3B}
	EndGlobalSection
EndGlobal
